
Microsoft Visual Studio Solution File, Format Version 12.00
# Visual Studio Version 16
VisualStudioVersion = 16.0.29519.87
MinimumVisualStudioVersion = 10.0.40219.1
Project("{FAE04EC0-301F-11D3-BF4B-00C04F79EFBC}") = "Microbloging", "Microbloging.csproj", "{C4656D0D-B935-4CE1-83BD-4259DC4414C1}"
EndProject
Global
	GlobalSection(SolutionConfigurationPlatforms) = preSolution
		Debug|Any CPU = Debug|Any CPU
		Release|Any CPU = Release|Any CPU
	EndGlobalSection
	GlobalSection(ProjectConfigurationPlatforms) = postSolution
		{C4656D0D-B935-4CE1-83BD-4259DC4414C1}.Debug|Any CPU.ActiveCfg = Debug|Any CPU
		{C4656D0D-B935-4CE1-83BD-4259DC4414C1}.Debug|Any CPU.Build.0 = Debug|Any CPU
		{C4656D0D-B935-4CE1-83BD-4259DC4414C1}.Release|Any CPU.ActiveCfg = Release|Any CPU
		{C4656D0D-B935-4CE1-83BD-4259DC4414C1}.Release|Any CPU.Build.0 = Release|Any CPU
	EndGlobalSection
	GlobalSection(SolutionProperties) = preSolution
		HideSolutionNode = FALSE
	EndGlobalSection
	GlobalSection(ExtensibilityGlobals) = postSolution
		SolutionGuid = {85EB5694-9CE2-4BAB-8CF5-0D51D7835294}
	EndGlobalSection
EndGlobal
